
Microsoft Visual Studio Solution File, Format Version 12.00
# Visual Studio Version 17
VisualStudioVersion = 17.14.36401.2 d17.14
MinimumVisualStudioVersion = 10.0.40219.1
Project("{8BC9CEB8-8B4A-11D0-8D11-00A0C91BC942}") = "Ej5", "Ej5.vcxproj", "{69FE223A-2DEF-4C2B-92D7-D9724E0F95B7}"
EndProject
Global
	GlobalSection(SolutionConfigurationPlatforms) = preSolution
		Debug|x64 = Debug|x64
		Debug|x86 = Debug|x86
		Release|x64 = Release|x64
		Release|x86 = Release|x86
	EndGlobalSection
	GlobalSection(ProjectConfigurationPlatforms) = postSolution
		{69FE223A-2DEF-4C2B-92D7-D9724E0F95B7}.Debug|x64.ActiveCfg = Debug|x64
		{69FE223A-2DEF-4C2B-92D7-D9724E0F95B7}.Debug|x64.Build.0 = Debug|x64
		{69FE223A-2DEF-4C2B-92D7-D9724E0F95B7}.Debug|x86.ActiveCfg = Debug|Win32
		{69FE223A-2DEF-4C2B-92D7-D9724E0F95B7}.Debug|x86.Build.0 = Debug|Win32
		{69FE223A-2DEF-4C2B-92D7-D9724E0F95B7}.Release|x64.ActiveCfg = Release|x64
		{69FE223A-2DEF-4C2B-92D7-D9724E0F95B7}.Release|x64.Build.0 = Release|x64
		{69FE223A-2DEF-4C2B-92D7-D9724E0F95B7}.Release|x86.ActiveCfg = Release|Win32
		{69FE223A-2DEF-4C2B-92D7-D9724E0F95B7}.Release|x86.Build.0 = Release|Win32
	EndGlobalSection
	GlobalSection(SolutionProperties) = preSolution
		HideSolutionNode = FALSE
	EndGlobalSection
	GlobalSection(ExtensibilityGlobals) = postSolution
		SolutionGuid = {722C5381-5460-470A-B7A8-5B9C2A9600D3}
	EndGlobalSection
EndGlobal
